
Microsoft Visual Studio Solution File, Format Version 12.00
# Visual Studio Version 17
VisualStudioVersion = 17.5.33530.505
MinimumVisualStudioVersion = 10.0.40219.1
Project("{FAE04EC0-301F-11D3-BF4B-00C04F79EFBC}") = "Semana10.Android", "Semana10\Semana10.Android\Semana10.Android.csproj", "{C1F3E1FE-BE00-4008-8EA1-96179A3D929B}"
EndProject
Project("{FAE04EC0-301F-11D3-BF4B-00C04F79EFBC}") = "Semana10.iOS", "Semana10\Semana10.iOS\Semana10.iOS.csproj", "{897E1A33-B523-4D11-AC63-A22F44755E4C}"
EndProject
Project("{FAE04EC0-301F-11D3-BF4B-00C04F79EFBC}") = "Semana10", "Semana10\Semana10\Semana10.csproj", "{DE1DCFA9-A54F-4CEE-A349-F782425645AE}"
EndProject
Global
	GlobalSection(SolutionConfigurationPlatforms) = preSolution
		Debug|Any CPU = Debug|Any CPU
		Debug|iPhone = Debug|iPhone
		Debug|iPhoneSimulator = Debug|iPhoneSimulator
		Release|Any CPU = Release|Any CPU
		Release|iPhone = Release|iPhone
		Release|iPhoneSimulator = Release|iPhoneSimulator
	EndGlobalSection
	GlobalSection(ProjectConfigurationPlatforms) = postSolution
		{C1F3E1FE-BE00-4008-8EA1-96179A3D929B}.Debug|Any CPU.ActiveCfg = Debug|Any CPU
		{C1F3E1FE-BE00-4008-8EA1-96179A3D929B}.Debug|Any CPU.Build.0 = Debug|Any CPU
		{C1F3E1FE-BE00-4008-8EA1-96179A3D929B}.Debug|Any CPU.Deploy.0 = Debug|Any CPU
		{C1F3E1FE-BE00-4008-8EA1-96179A3D929B}.Debug|iPhone.ActiveCfg = Debug|Any CPU
		{C1F3E1FE-BE00-4008-8EA1-96179A3D929B}.Debug|iPhone.Build.0 = Debug|Any CPU
		{C1F3E1FE-BE00-4008-8EA1-96179A3D929B}.Debug|iPhone.Deploy.0 = Debug|Any CPU
		{C1F3E1FE-BE00-4008-8EA1-96179A3D929B}.Debug|iPhoneSimulator.ActiveCfg = Debug|Any CPU
		{C1F3E1FE-BE00-4008-8EA1-96179A3D929B}.Debug|iPhoneSimulator.Build.0 = Debug|Any CPU
		{C1F3E1FE-BE00-4008-8EA1-96179A3D929B}.Debug|iPhoneSimulator.Deploy.0 = Debug|Any CPU
		{C1F3E1FE-BE00-4008-8EA1-96179A3D929B}.Release|Any CPU.ActiveCfg = Release|Any CPU
		{C1F3E1FE-BE00-4008-8EA1-96179A3D929B}.Release|Any CPU.Build.0 = Release|Any CPU
		{C1F3E1FE-BE00-4008-8EA1-96179A3D929B}.Release|Any CPU.Deploy.0 = Release|Any CPU
		{C1F3E1FE-BE00-4008-8EA1-96179A3D929B}.Release|iPhone.ActiveCfg = Release|Any CPU
		{C1F3E1FE-BE00-4008-8EA1-96179A3D929B}.Release|iPhone.Build.0 = Release|Any CPU
		{C1F3E1FE-BE00-4008-8EA1-96179A3D929B}.Release|iPhone.Deploy.0 = Release|Any CPU
		{C1F3E1FE-BE00-4008-8EA1-96179A3D929B}.Release|iPhoneSimulator.ActiveCfg = Release|Any CPU
		{C1F3E1FE-BE00-4008-8EA1-96179A3D929B}.Release|iPhoneSimulator.Build.0 = Release|Any CPU
		{C1F3E1FE-BE00-4008-8EA1-96179A3D929B}.Release|iPhoneSimulator.Deploy.0 = Release|Any CPU
		{897E1A33-B523-4D11-AC63-A22F44755E4C}.Debug|Any CPU.ActiveCfg = Debug|iPhone
		{897E1A33-B523-4D11-AC63-A22F44755E4C}.Debug|Any CPU.Build.0 = Debug|iPhone
		{897E1A33-B523-4D11-AC63-A22F44755E4C}.Debug|Any CPU.Deploy.0 = Debug|iPhone
		{897E1A33-B523-4D11-AC63-A22F44755E4C}.Debug|iPhone.ActiveCfg = Debug|iPhone
		{897E1A33-B523-4D11-AC63-A22F44755E4C}.Debug|iPhone.Build.0 = Debug|iPhone
		{897E1A33-B523-4D11-AC63-A22F44755E4C}.Debug|iPhone.Deploy.0 = Debug|iPhone
		{897E1A33-B523-4D11-AC63-A22F44755E4C}.Debug|iPhoneSimulator.ActiveCfg = Debug|iPhoneSimulator
		{897E1A33-B523-4D11-AC63-A22F44755E4C}.Debug|iPhoneSimulator.Build.0 = Debug|iPhoneSimulator
		{897E1A33-B523-4D11-AC63-A22F44755E4C}.Debug|iPhoneSimulator.Deploy.0 = Debug|iPhoneSimulator
		{897E1A33-B523-4D11-AC63-A22F44755E4C}.Release|Any CPU.ActiveCfg = Release|iPhoneSimulator
		{897E1A33-B523-4D11-AC63-A22F44755E4C}.Release|Any CPU.Build.0 = Release|iPhoneSimulator
		{897E1A33-B523-4D11-AC63-A22F44755E4C}.Release|Any CPU.Deploy.0 = Release|iPhoneSimulator
		{897E1A33-B523-4D11-AC63-A22F44755E4C}.Release|iPhone.ActiveCfg = Release|iPhone
		{897E1A33-B523-4D11-AC63-A22F44755E4C}.Release|iPhone.Build.0 = Release|iPhone
		{897E1A33-B523-4D11-AC63-A22F44755E4C}.Release|iPhone.Deploy.0 = Release|iPhone
		{897E1A33-B523-4D11-AC63-A22F44755E4C}.Release|iPhoneSimulator.ActiveCfg = Release|iPhoneSimulator
		{897E1A33-B523-4D11-AC63-A22F44755E4C}.Release|iPhoneSimulator.Build.0 = Release|iPhoneSimulator
		{897E1A33-B523-4D11-AC63-A22F44755E4C}.Release|iPhoneSimulator.Deploy.0 = Release|iPhoneSimulator
		{DE1DCFA9-A54F-4CEE-A349-F782425645AE}.Debug|Any CPU.ActiveCfg = Debug|Any CPU
		{DE1DCFA9-A54F-4CEE-A349-F782425645AE}.Debug|Any CPU.Build.0 = Debug|Any CPU
		{DE1DCFA9-A54F-4CEE-A349-F782425645AE}.Debug|Any CPU.Deploy.0 = Debug|Any CPU
		{DE1DCFA9-A54F-4CEE-A349-F782425645AE}.Debug|iPhone.ActiveCfg = Debug|Any CPU
		{DE1DCFA9-A54F-4CEE-A349-F782425645AE}.Debug|iPhone.Build.0 = Debug|Any CPU
		{DE1DCFA9-A54F-4CEE-A349-F782425645AE}.Debug|iPhone.Deploy.0 = Debug|Any CPU
		{DE1DCFA9-A54F-4CEE-A349-F782425645AE}.Debug|iPhoneSimulator.ActiveCfg = Debug|Any CPU
		{DE1DCFA9-A54F-4CEE-A349-F782425645AE}.Debug|iPhoneSimulator.Build.0 = Debug|Any CPU
		{DE1DCFA9-A54F-4CEE-A349-F782425645AE}.Debug|iPhoneSimulator.Deploy.0 = Debug|Any CPU
		{DE1DCFA9-A54F-4CEE-A349-F782425645AE}.Release|Any CPU.ActiveCfg = Release|Any CPU
		{DE1DCFA9-A54F-4CEE-A349-F782425645AE}.Release|Any CPU.Build.0 = Release|Any CPU
		{DE1DCFA9-A54F-4CEE-A349-F782425645AE}.Release|Any CPU.Deploy.0 = Release|Any CPU
		{DE1DCFA9-A54F-4CEE-A349-F782425645AE}.Release|iPhone.ActiveCfg = Release|Any CPU
		{DE1DCFA9-A54F-4CEE-A349-F782425645AE}.Release|iPhone.Build.0 = Release|Any CPU
		{DE1DCFA9-A54F-4CEE-A349-F782425645AE}.Release|iPhone.Deploy.0 = Release|Any CPU
		{DE1DCFA9-A54F-4CEE-A349-F782425645AE}.Release|iPhoneSimulator.ActiveCfg = Release|Any CPU
		{DE1DCFA9-A54F-4CEE-A349-F782425645AE}.Release|iPhoneSimulator.Build.0 = Release|Any CPU
		{DE1DCFA9-A54F-4CEE-A349-F782425645AE}.Release|iPhoneSimulator.Deploy.0 = Release|Any CPU
	EndGlobalSection
	GlobalSection(SolutionProperties) = preSolution
		HideSolutionNode = FALSE
	EndGlobalSection
	GlobalSection(ExtensibilityGlobals) = postSolution
		SolutionGuid = {91A0EA78-9570-49D3-8211-4C94BA0E9F43}
	EndGlobalSection
EndGlobal
